
Microsoft Visual Studio Solution File, Format Version 12.00
# Visual Studio Version 17
VisualStudioVersion = 17.9.34616.47
MinimumVisualStudioVersion = 10.0.40219.1
Project("{FAE04EC0-301F-11D3-BF4B-00C04F79EFBC}") = "WebFront_Adam_Garcia_2024_09_10", "WebFront_Adam_Garcia_2024_09_10\WebFront_Adam_Garcia_2024_09_10.csproj", "{B8746CF4-A54E-4252-95CB-A80DA19B09BD}"
EndProject
Global
	GlobalSection(SolutionConfigurationPlatforms) = preSolution
		Debug|Any CPU = Debug|Any CPU
		Release|Any CPU = Release|Any CPU
	EndGlobalSection
	GlobalSection(ProjectConfigurationPlatforms) = postSolution
		{B8746CF4-A54E-4252-95CB-A80DA19B09BD}.Debug|Any CPU.ActiveCfg = Debug|Any CPU
		{B8746CF4-A54E-4252-95CB-A80DA19B09BD}.Debug|Any CPU.Build.0 = Debug|Any CPU
		{B8746CF4-A54E-4252-95CB-A80DA19B09BD}.Release|Any CPU.ActiveCfg = Release|Any CPU
		{B8746CF4-A54E-4252-95CB-A80DA19B09BD}.Release|Any CPU.Build.0 = Release|Any CPU
	EndGlobalSection
	GlobalSection(SolutionProperties) = preSolution
		HideSolutionNode = FALSE
	EndGlobalSection
	GlobalSection(ExtensibilityGlobals) = postSolution
		SolutionGuid = {63C06E67-DC69-4DA0-B7E8-6FA1CCB765C5}
	EndGlobalSection
EndGlobal
